// !$*UTF8*$!
{
	archiveVersion = 1;
	classes = {
	};
	objectVersion = 55;
	objects = {

/* Begin PBXBuildFile section */
		2B17E475F2A44C9BCF6E75FD /* Pods_ChessGame.framework in Frameworks */ = {isa = PBXBuildFile; fileRef = 47EC54A9BA08ABF777816710 /* Pods_ChessGame.framework */; };
		5D3892602864733400A17E2C /* ChessBoardTest.swift in Sources */ = {isa = PBXBuildFile; fileRef = 5D38925F2864733400A17E2C /* ChessBoardTest.swift */; };
		5D3892622864774900A17E2C /* Utilities.swift in Sources */ = {isa = PBXBuildFile; fileRef = 5D3892612864774900A17E2C /* Utilities.swift */; };
		5D3892632864796500A17E2C /* Utilities.swift in Sources */ = {isa = PBXBuildFile; fileRef = 5D3892612864774900A17E2C /* Utilities.swift */; };
		5D389265286479CA00A17E2C /* ChessPieceTest.swift in Sources */ = {isa = PBXBuildFile; fileRef = 5D389264286479CA00A17E2C /* ChessPieceTest.swift */; };
		5D38926728649B8500A17E2C /* ChessPositionTest.swift in Sources */ = {isa = PBXBuildFile; fileRef = 5D38926628649B8500A17E2C /* ChessPositionTest.swift */; };
		5D98769228642A3B00CD6052 /* ChessRuleTest.swift in Sources */ = {isa = PBXBuildFile; fileRef = 5D98769128642A3B00CD6052 /* ChessRuleTest.swift */; };
		5D9877482864574300CD6052 /* ChessPiece.swift in Sources */ = {isa = PBXBuildFile; fileRef = 5DFF2C85286099310027C107 /* ChessPiece.swift */; };
		5D9877492864574500CD6052 /* ChessRuleBook.swift in Sources */ = {isa = PBXBuildFile; fileRef = 5DFF2C87286099760027C107 /* ChessRuleBook.swift */; };
		5D98774A2864574700CD6052 /* Position.swift in Sources */ = {isa = PBXBuildFile; fileRef = 5DFF2C89286099ED0027C107 /* Position.swift */; };
		5D98774B2864574800CD6052 /* ChessBoard.swift in Sources */ = {isa = PBXBuildFile; fileRef = 5DFF2C8B28609A3E0027C107 /* ChessBoard.swift */; };
		5D98774C2864574C00CD6052 /* main.swift in Sources */ = {isa = PBXBuildFile; fileRef = 5DFF2C7E286098F10027C107 /* main.swift */; };
		5DFF2C7F286098F10027C107 /* main.swift in Sources */ = {isa = PBXBuildFile; fileRef = 5DFF2C7E286098F10027C107 /* main.swift */; };
		5DFF2C86286099310027C107 /* ChessPiece.swift in Sources */ = {isa = PBXBuildFile; fileRef = 5DFF2C85286099310027C107 /* ChessPiece.swift */; };
		5DFF2C88286099760027C107 /* ChessRuleBook.swift in Sources */ = {isa = PBXBuildFile; fileRef = 5DFF2C87286099760027C107 /* ChessRuleBook.swift */; };
		5DFF2C8A286099ED0027C107 /* Position.swift in Sources */ = {isa = PBXBuildFile; fileRef = 5DFF2C89286099ED0027C107 /* Position.swift */; };
		5DFF2C8C28609A3E0027C107 /* ChessBoard.swift in Sources */ = {isa = PBXBuildFile; fileRef = 5DFF2C8B28609A3E0027C107 /* ChessBoard.swift */; };
		DA0DBA6967ACB86698D56DB4 /* Pods_ChessGameTest.framework in Frameworks */ = {isa = PBXBuildFile; fileRef = 32BE0C9F648D047109A70D70 /* Pods_ChessGameTest.framework */; };
/* End PBXBuildFile section */

/* Begin PBXCopyFilesBuildPhase section */
		5DFF2C79286098F10027C107 /* CopyFiles */ = {
			isa = PBXCopyFilesBuildPhase;
			buildActionMask = 2147483647;
			dstPath = /usr/share/man/man1/;
			dstSubfolderSpec = 0;
			files = (
			);
			runOnlyForDeploymentPostprocessing = 1;
		};
/* End PBXCopyFilesBuildPhase section */

/* Begin PBXFileReference section */
		18D66064F6169750AE8C3025 /* Pods-ChessGameTest.release.xcconfig */ = {isa = PBXFileReference; includeInIndex = 1; lastKnownFileType = text.xcconfig; name = "Pods-ChessGameTest.release.xcconfig"; path = "Target Support Files/Pods-ChessGameTest/Pods-ChessGameTest.release.xcconfig"; sourceTree = "<group>"; };
		32BE0C9F648D047109A70D70 /* Pods_ChessGameTest.framework */ = {isa = PBXFileReference; explicitFileType = wrapper.framework; includeInIndex = 0; path = Pods_ChessGameTest.framework; sourceTree = BUILT_PRODUCTS_DIR; };
		47EC54A9BA08ABF777816710 /* Pods_ChessGame.framework */ = {isa = PBXFileReference; explicitFileType = wrapper.framework; includeInIndex = 0; path = Pods_ChessGame.framework; sourceTree = BUILT_PRODUCTS_DIR; };
		5D38925F2864733400A17E2C /* ChessBoardTest.swift */ = {isa = PBXFileReference; lastKnownFileType = sourcecode.swift; path = ChessBoardTest.swift; sourceTree = "<group>"; };
		5D3892612864774900A17E2C /* Utilities.swift */ = {isa = PBXFileReference; lastKnownFileType = sourcecode.swift; path = Utilities.swift; sourceTree = "<group>"; };
		5D389264286479CA00A17E2C /* ChessPieceTest.swift */ = {isa = PBXFileReference; lastKnownFileType = sourcecode.swift; path = ChessPieceTest.swift; sourceTree = "<group>"; };
		5D38926628649B8500A17E2C /* ChessPositionTest.swift */ = {isa = PBXFileReference; lastKnownFileType = sourcecode.swift; path = ChessPositionTest.swift; sourceTree = "<group>"; };
		5D98769128642A3B00CD6052 /* ChessRuleTest.swift */ = {isa = PBXFileReference; lastKnownFileType = sourcecode.swift; path = ChessRuleTest.swift; sourceTree = "<group>"; };
		5DFF2C7B286098F10027C107 /* ChessGame */ = {isa = PBXFileReference; explicitFileType = "compiled.mach-o.executable"; includeInIndex = 0; path = ChessGame; sourceTree = BUILT_PRODUCTS_DIR; };
		5DFF2C7E286098F10027C107 /* main.swift */ = {isa = PBXFileReference; lastKnownFileType = sourcecode.swift; path = main.swift; sourceTree = "<group>"; };
		5DFF2C85286099310027C107 /* ChessPiece.swift */ = {isa = PBXFileReference; lastKnownFileType = sourcecode.swift; path = ChessPiece.swift; sourceTree = "<group>"; };
		5DFF2C87286099760027C107 /* ChessRuleBook.swift */ = {isa = PBXFileReference; lastKnownFileType = sourcecode.swift; path = ChessRuleBook.swift; sourceTree = "<group>"; };
		5DFF2C89286099ED0027C107 /* Position.swift */ = {isa = PBXFileReference; lastKnownFileType = sourcecode.swift; path = Position.swift; sourceTree = "<group>"; };
		5DFF2C8B28609A3E0027C107 /* ChessBoard.swift */ = {isa = PBXFileReference; lastKnownFileType = sourcecode.swift; path = ChessBoard.swift; sourceTree = "<group>"; };
		5DFF2C912860A7CD0027C107 /* ChessGameTest.xctest */ = {isa = PBXFileReference; explicitFileType = wrapper.cfbundle; includeInIndex = 0; path = ChessGameTest.xctest; sourceTree = BUILT_PRODUCTS_DIR; };
		732D95B92888628E13E8CA66 /* Pods-ChessGame.debug.xcconfig */ = {isa = PBXFileReference; includeInIndex = 1; lastKnownFileType = text.xcconfig; name = "Pods-ChessGame.debug.xcconfig"; path = "Target Support Files/Pods-ChessGame/Pods-ChessGame.debug.xcconfig"; sourceTree = "<group>"; };
		8900D00AB661ECA3BB8600E4 /* Pods-ChessGame.release.xcconfig */ = {isa = PBXFileReference; includeInIndex = 1; lastKnownFileType = text.xcconfig; name = "Pods-ChessGame.release.xcconfig"; path = "Target Support Files/Pods-ChessGame/Pods-ChessGame.release.xcconfig"; sourceTree = "<group>"; };
		F5B73B9647594E4DD3ECBCD3 /* Pods-ChessGameTest.debug.xcconfig */ = {isa = PBXFileReference; includeInIndex = 1; lastKnownFileType = text.xcconfig; name = "Pods-ChessGameTest.debug.xcconfig"; path = "Target Support Files/Pods-ChessGameTest/Pods-ChessGameTest.debug.xcconfig"; sourceTree = "<group>"; };
/* End PBXFileReference section */

/* Begin PBXFrameworksBuildPhase section */
		5DFF2C78286098F10027C107 /* Frameworks */ = {
			isa = PBXFrameworksBuildPhase;
			buildActionMask = 2147483647;
			files = (
				2B17E475F2A44C9BCF6E75FD /* Pods_ChessGame.framework in Frameworks */,
			);
			runOnlyForDeploymentPostprocessing = 0;
		};
		5DFF2C8E2860A7CD0027C107 /* Frameworks */ = {
			isa = PBXFrameworksBuildPhase;
			buildActionMask = 2147483647;
			files = (
				DA0DBA6967ACB86698D56DB4 /* Pods_ChessGameTest.framework in Frameworks */,
			);
			runOnlyForDeploymentPostprocessing = 0;
		};
/* End PBXFrameworksBuildPhase section */

/* Begin PBXGroup section */
		5DFF2C72286098F10027C107 = {
			isa = PBXGroup;
			children = (
				5DFF2C7D286098F10027C107 /* ChessGame */,
				5DFF2C922860A7CE0027C107 /* ChessGameTest */,
				5DFF2C7C286098F10027C107 /* Products */,
				B83C99FFE2E8181E438FB4B2 /* Pods */,
				86508364675E09F71E381B3F /* Frameworks */,
			);
			sourceTree = "<group>";
		};
		5DFF2C7C286098F10027C107 /* Products */ = {
			isa = PBXGroup;
			children = (
				5DFF2C7B286098F10027C107 /* ChessGame */,
				5DFF2C912860A7CD0027C107 /* ChessGameTest.xctest */,
			);
			name = Products;
			sourceTree = "<group>";
		};
		5DFF2C7D286098F10027C107 /* ChessGame */ = {
			isa = PBXGroup;
			children = (
				5DFF2C7E286098F10027C107 /* main.swift */,
				5DFF2C85286099310027C107 /* ChessPiece.swift */,
				5DFF2C89286099ED0027C107 /* Position.swift */,
				5DFF2C87286099760027C107 /* ChessRuleBook.swift */,
				5DFF2C8B28609A3E0027C107 /* ChessBoard.swift */,
				5D3892612864774900A17E2C /* Utilities.swift */,
			);
			path = ChessGame;
			sourceTree = "<group>";
		};
		5DFF2C922860A7CE0027C107 /* ChessGameTest */ = {
			isa = PBXGroup;
			children = (
				5D98769128642A3B00CD6052 /* ChessRuleTest.swift */,
				5D38925F2864733400A17E2C /* ChessBoardTest.swift */,
				5D389264286479CA00A17E2C /* ChessPieceTest.swift */,
				5D38926628649B8500A17E2C /* ChessPositionTest.swift */,
			);
			path = ChessGameTest;
			sourceTree = "<group>";
		};
		86508364675E09F71E381B3F /* Frameworks */ = {
			isa = PBXGroup;
			children = (
				47EC54A9BA08ABF777816710 /* Pods_ChessGame.framework */,
				32BE0C9F648D047109A70D70 /* Pods_ChessGameTest.framework */,
			);
			name = Frameworks;
			sourceTree = "<group>";
		};
		B83C99FFE2E8181E438FB4B2 /* Pods */ = {
			isa = PBXGroup;
			children = (
				732D95B92888628E13E8CA66 /* Pods-ChessGame.debug.xcconfig */,
				8900D00AB661ECA3BB8600E4 /* Pods-ChessGame.release.xcconfig */,
				F5B73B9647594E4DD3ECBCD3 /* Pods-ChessGameTest.debug.xcconfig */,
				18D66064F6169750AE8C3025 /* Pods-ChessGameTest.release.xcconfig */,
			);
			path = Pods;
			sourceTree = "<group>";
		};
/* End PBXGroup section */

/* Begin PBXNativeTarget section */
		5DFF2C7A286098F10027C107 /* ChessGame */ = {
			isa = PBXNativeTarget;
			buildConfigurationList = 5DFF2C82286098F10027C107 /* Build configuration list for PBXNativeTarget "ChessGame" */;
			buildPhases = (
				BCB40FE8470CCE1FEF75F9F3 /* [CP] Check Pods Manifest.lock */,
				5DFF2C77286098F10027C107 /* Sources */,
				5DFF2C78286098F10027C107 /* Frameworks */,
				5DFF2C79286098F10027C107 /* CopyFiles */,
			);
			buildRules = (
			);
			dependencies = (
			);
			name = ChessGame;
			productName = ChessGame;
			productReference = 5DFF2C7B286098F10027C107 /* ChessGame */;
			productType = "com.apple.product-type.tool";
		};
		5DFF2C902860A7CD0027C107 /* ChessGameTest */ = {
			isa = PBXNativeTarget;
			buildConfigurationList = 5DFF2C952860A7CE0027C107 /* Build configuration list for PBXNativeTarget "ChessGameTest" */;
			buildPhases = (
				749441F2DE012E5171BE8DFF /* [CP] Check Pods Manifest.lock */,
				5DFF2C8D2860A7CD0027C107 /* Sources */,
				5DFF2C8E2860A7CD0027C107 /* Frameworks */,
				5DFF2C8F2860A7CD0027C107 /* Resources */,
				2DDF2D3A4D58189822DAFA01 /* [CP] Embed Pods Frameworks */,
			);
			buildRules = (
			);
			dependencies = (
			);
			name = ChessGameTest;
			productName = ChessGameTest;
			productReference = 5DFF2C912860A7CD0027C107 /* ChessGameTest.xctest */;
			productType = "com.apple.product-type.bundle.unit-test";
		};
/* End PBXNativeTarget section */

/* Begin PBXProject section */
		5DFF2C73286098F10027C107 /* Project object */ = {
			isa = PBXProject;
			attributes = {
				BuildIndependentTargetsInParallel = 1;
				LastSwiftUpdateCheck = 1340;
				LastUpgradeCheck = 1340;
				TargetAttributes = {
					5DFF2C7A286098F10027C107 = {
						CreatedOnToolsVersion = 13.4.1;
					};
					5DFF2C902860A7CD0027C107 = {
						CreatedOnToolsVersion = 13.4.1;
					};
				};
			};
			buildConfigurationList = 5DFF2C76286098F10027C107 /* Build configuration list for PBXProject "ChessGame" */;
			compatibilityVersion = "Xcode 13.0";
			developmentRegion = en;
			hasScannedForEncodings = 0;
			knownRegions = (
				en,
				Base,
			);
			mainGroup = 5DFF2C72286098F10027C107;
			productRefGroup = 5DFF2C7C286098F10027C107 /* Products */;
			projectDirPath = "";
			projectRoot = "";
			targets = (
				5DFF2C7A286098F10027C107 /* ChessGame */,
				5DFF2C902860A7CD0027C107 /* ChessGameTest */,
			);
		};
/* End PBXProject section */

/* Begin PBXResourcesBuildPhase section */
		5DFF2C8F2860A7CD0027C107 /* Resources */ = {
			isa = PBXResourcesBuildPhase;
			buildActionMask = 2147483647;
			files = (
			);
			runOnlyForDeploymentPostprocessing = 0;
		};
/* End PBXResourcesBuildPhase section */

/* Begin PBXShellScriptBuildPhase section */
		2DDF2D3A4D58189822DAFA01 /* [CP] Embed Pods Frameworks */ = {
			isa = PBXShellScriptBuildPhase;
			buildActionMask = 2147483647;
			files = (
			);
			inputFileListPaths = (
				"${PODS_ROOT}/Target Support Files/Pods-ChessGameTest/Pods-ChessGameTest-frameworks-${CONFIGURATION}-input-files.xcfilelist",
			);
			name = "[CP] Embed Pods Frameworks";
			outputFileListPaths = (
				"${PODS_ROOT}/Target Support Files/Pods-ChessGameTest/Pods-ChessGameTest-frameworks-${CONFIGURATION}-output-files.xcfilelist",
			);
			runOnlyForDeploymentPostprocessing = 0;
			shellPath = /bin/sh;
			shellScript = "\"${PODS_ROOT}/Target Support Files/Pods-ChessGameTest/Pods-ChessGameTest-frameworks.sh\"\n";
			showEnvVarsInLog = 0;
		};
		749441F2DE012E5171BE8DFF /* [CP] Check Pods Manifest.lock */ = {
			isa = PBXShellScriptBuildPhase;
			buildActionMask = 2147483647;
			files = (
			);
			inputFileListPaths = (
			);
			inputPaths = (
				"${PODS_PODFILE_DIR_PATH}/Podfile.lock",
				"${PODS_ROOT}/Manifest.lock",
			);
			name = "[CP] Check Pods Manifest.lock";
			outputFileListPaths = (
			);
			outputPaths = (
				"$(DERIVED_FILE_DIR)/Pods-ChessGameTest-checkManifestLockResult.txt",
			);
			runOnlyForDeploymentPostprocessing = 0;
			shellPath = /bin/sh;
			shellScript = "diff \"${PODS_PODFILE_DIR_PATH}/Podfile.lock\" \"${PODS_ROOT}/Manifest.lock\" > /dev/null\nif [ $? != 0 ] ; then\n    # print error to STDERR\n    echo \"error: The sandbox is not in sync with the Podfile.lock. Run 'pod install' or update your CocoaPods installation.\" >&2\n    exit 1\nfi\n# This output is used by Xcode 'outputs' to avoid re-running this script phase.\necho \"SUCCESS\" > \"${SCRIPT_OUTPUT_FILE_0}\"\n";
			showEnvVarsInLog = 0;
		};
		BCB40FE8470CCE1FEF75F9F3 /* [CP] Check Pods Manifest.lock */ = {
			isa = PBXShellScriptBuildPhase;
			buildActionMask = 2147483647;
			files = (
			);
			inputFileListPaths = (
			);
			inputPaths = (
				"${PODS_PODFILE_DIR_PATH}/Podfile.lock",
				"${PODS_ROOT}/Manifest.lock",
			);
			name = "[CP] Check Pods Manifest.lock";
			outputFileListPaths = (
			);
			outputPaths = (
				"$(DERIVED_FILE_DIR)/Pods-ChessGame-checkManifestLockResult.txt",
			);
			runOnlyForDeploymentPostprocessing = 0;
			shellPath = /bin/sh;
			shellScript = "diff \"${PODS_PODFILE_DIR_PATH}/Podfile.lock\" \"${PODS_ROOT}/Manifest.lock\" > /dev/null\nif [ $? != 0 ] ; then\n    # print error to STDERR\n    echo \"error: The sandbox is not in sync with the Podfile.lock. Run 'pod install' or update your CocoaPods installation.\" >&2\n    exit 1\nfi\n# This output is used by Xcode 'outputs' to avoid re-running this script phase.\necho \"SUCCESS\" > \"${SCRIPT_OUTPUT_FILE_0}\"\n";
			showEnvVarsInLog = 0;
		};
/* End PBXShellScriptBuildPhase section */

/* Begin PBXSourcesBuildPhase section */
		5DFF2C77286098F10027C107 /* Sources */ = {
			isa = PBXSourcesBuildPhase;
			buildActionMask = 2147483647;
			files = (
				5D3892622864774900A17E2C /* Utilities.swift in Sources */,
				5DFF2C88286099760027C107 /* ChessRuleBook.swift in Sources */,
				5DFF2C86286099310027C107 /* ChessPiece.swift in Sources */,
				5DFF2C8A286099ED0027C107 /* Position.swift in Sources */,
				5DFF2C7F286098F10027C107 /* main.swift in Sources */,
				5DFF2C8C28609A3E0027C107 /* ChessBoard.swift in Sources */,
			);
			runOnlyForDeploymentPostprocessing = 0;
		};
		5DFF2C8D2860A7CD0027C107 /* Sources */ = {
			isa = PBXSourcesBuildPhase;
			buildActionMask = 2147483647;
			files = (
				5D3892602864733400A17E2C /* ChessBoardTest.swift in Sources */,
				5D38926728649B8500A17E2C /* ChessPositionTest.swift in Sources */,
				5D9877492864574500CD6052 /* ChessRuleBook.swift in Sources */,
				5D98769228642A3B00CD6052 /* ChessRuleTest.swift in Sources */,
				5D98774C2864574C00CD6052 /* main.swift in Sources */,
				5D98774A2864574700CD6052 /* Position.swift in Sources */,
				5D9877482864574300CD6052 /* ChessPiece.swift in Sources */,
				5D3892632864796500A17E2C /* Utilities.swift in Sources */,
				5D98774B2864574800CD6052 /* ChessBoard.swift in Sources */,
				5D389265286479CA00A17E2C /* ChessPieceTest.swift in Sources */,
			);
			runOnlyForDeploymentPostprocessing = 0;
		};
/* End PBXSourcesBuildPhase section */

/* Begin XCBuildConfiguration section */
		5DFF2C80286098F10027C107 /* Debug */ = {
			isa = XCBuildConfiguration;
			buildSettings = {
				ALWAYS_SEARCH_USER_PATHS = NO;
				CLANG_ANALYZER_NONNULL = YES;
				CLANG_ANALYZER_NUMBER_OBJECT_CONVERSION = YES_AGGRESSIVE;
				CLANG_CXX_LANGUAGE_STANDARD = "gnu++17";
				CLANG_ENABLE_MODULES = YES;
				CLANG_ENABLE_OBJC_ARC = YES;
				CLANG_ENABLE_OBJC_WEAK = YES;
				CLANG_WARN_BLOCK_CAPTURE_AUTORELEASING = YES;
				CLANG_WARN_BOOL_CONVERSION = YES;
				CLANG_WARN_COMMA = YES;
				CLANG_WARN_CONSTANT_CONVERSION = YES;
				CLANG_WARN_DEPRECATED_OBJC_IMPLEMENTATIONS = YES;
				CLANG_WARN_DIRECT_OBJC_ISA_USAGE = YES_ERROR;
				CLANG_WARN_DOCUMENTATION_COMMENTS = YES;
				CLANG_WARN_EMPTY_BODY = YES;
				CLANG_WARN_ENUM_CONVERSION = YES;
				CLANG_WARN_INFINITE_RECURSION = YES;
				CLANG_WARN_INT_CONVERSION = YES;
				CLANG_WARN_NON_LITERAL_NULL_CONVERSION = YES;
				CLANG_WARN_OBJC_IMPLICIT_RETAIN_SELF = YES;
				CLANG_WARN_OBJC_LITERAL_CONVERSION = YES;
				CLANG_WARN_OBJC_ROOT_CLASS = YES_ERROR;
				CLANG_WARN_QUOTED_INCLUDE_IN_FRAMEWORK_HEADER = YES;
				CLANG_WARN_RANGE_LOOP_ANALYSIS = YES;
				CLANG_WARN_STRICT_PROTOTYPES = YES;
				CLANG_WARN_SUSPICIOUS_MOVE = YES;
				CLANG_WARN_UNGUARDED_AVAILABILITY = YES_AGGRESSIVE;
				CLANG_WARN_UNREACHABLE_CODE = YES;
				CLANG_WARN__DUPLICATE_METHOD_MATCH = YES;
				COPY_PHASE_STRIP = NO;
				DEBUG_INFORMATION_FORMAT = dwarf;
				ENABLE_STRICT_OBJC_MSGSEND = YES;
				ENABLE_TESTABILITY = YES;
				GCC_C_LANGUAGE_STANDARD = gnu11;
				GCC_DYNAMIC_NO_PIC = NO;
				GCC_NO_COMMON_BLOCKS = YES;
				GCC_OPTIMIZATION_LEVEL = 0;
				GCC_PREPROCESSOR_DEFINITIONS = (
					"DEBUG=1",
					"$(inherited)",
				);
				GCC_WARN_64_TO_32_BIT_CONVERSION = YES;
				GCC_WARN_ABOUT_RETURN_TYPE = YES_ERROR;
				GCC_WARN_UNDECLARED_SELECTOR = YES;
				GCC_WARN_UNINITIALIZED_AUTOS = YES_AGGRESSIVE;
				GCC_WARN_UNUSED_FUNCTION = YES;
				GCC_WARN_UNUSED_VARIABLE = YES;
				MACOSX_DEPLOYMENT_TARGET = 12.3;
				MTL_ENABLE_DEBUG_INFO = INCLUDE_SOURCE;
				MTL_FAST_MATH = YES;
				ONLY_ACTIVE_ARCH = YES;
				SDKROOT = macosx;
				SWIFT_ACTIVE_COMPILATION_CONDITIONS = DEBUG;
				SWIFT_OPTIMIZATION_LEVEL = "-Onone";
			};
			name = Debug;
		};
		5DFF2C81286098F10027C107 /* Release */ = {
			isa = XCBuildConfiguration;
			buildSettings = {
				ALWAYS_SEARCH_USER_PATHS = NO;
				CLANG_ANALYZER_NONNULL = YES;
				CLANG_ANALYZER_NUMBER_OBJECT_CONVERSION = YES_AGGRESSIVE;
				CLANG_CXX_LANGUAGE_STANDARD = "gnu++17";
				CLANG_ENABLE_MODULES = YES;
				CLANG_ENABLE_OBJC_ARC = YES;
				CLANG_ENABLE_OBJC_WEAK = YES;
				CLANG_WARN_BLOCK_CAPTURE_AUTORELEASING = YES;
				CLANG_WARN_BOOL_CONVERSION = YES;
				CLANG_WARN_COMMA = YES;
				CLANG_WARN_CONSTANT_CONVERSION = YES;
				CLANG_WARN_DEPRECATED_OBJC_IMPLEMENTATIONS = YES;
				CLANG_WARN_DIRECT_OBJC_ISA_USAGE = YES_ERROR;
				CLANG_WARN_DOCUMENTATION_COMMENTS = YES;
				CLANG_WARN_EMPTY_BODY = YES;
				CLANG_WARN_ENUM_CONVERSION = YES;
				CLANG_WARN_INFINITE_RECURSION = YES;
				CLANG_WARN_INT_CONVERSION = YES;
				CLANG_WARN_NON_LITERAL_NULL_CONVERSION = YES;
				CLANG_WARN_OBJC_IMPLICIT_RETAIN_SELF = YES;
				CLANG_WARN_OBJC_LITERAL_CONVERSION = YES;
				CLANG_WARN_OBJC_ROOT_CLASS = YES_ERROR;
				CLANG_WARN_QUOTED_INCLUDE_IN_FRAMEWORK_HEADER = YES;
				CLANG_WARN_RANGE_LOOP_ANALYSIS = YES;
				CLANG_WARN_STRICT_PROTOTYPES = YES;
				CLANG_WARN_SUSPICIOUS_MOVE = YES;
				CLANG_WARN_UNGUARDED_AVAILABILITY = YES_AGGRESSIVE;
				CLANG_WARN_UNREACHABLE_CODE = YES;
				CLANG_WARN__DUPLICATE_METHOD_MATCH = YES;
				COPY_PHASE_STRIP = NO;
				DEBUG_INFORMATION_FORMAT = "dwarf-with-dsym";
				ENABLE_NS_ASSERTIONS = NO;
				ENABLE_STRICT_OBJC_MSGSEND = YES;
				GCC_C_LANGUAGE_STANDARD = gnu11;
				GCC_NO_COMMON_BLOCKS = YES;
				GCC_WARN_64_TO_32_BIT_CONVERSION = YES;
				GCC_WARN_ABOUT_RETURN_TYPE = YES_ERROR;
				GCC_WARN_UNDECLARED_SELECTOR = YES;
				GCC_WARN_UNINITIALIZED_AUTOS = YES_AGGRESSIVE;
				GCC_WARN_UNUSED_FUNCTION = YES;
				GCC_WARN_UNUSED_VARIABLE = YES;
				MACOSX_DEPLOYMENT_TARGET = 12.3;
				MTL_ENABLE_DEBUG_INFO = NO;
				MTL_FAST_MATH = YES;
				SDKROOT = macosx;
				SWIFT_COMPILATION_MODE = wholemodule;
				SWIFT_OPTIMIZATION_LEVEL = "-O";
			};
			name = Release;
		};
		5DFF2C83286098F10027C107 /* Debug */ = {
			isa = XCBuildConfiguration;
			baseConfigurationReference = 732D95B92888628E13E8CA66 /* Pods-ChessGame.debug.xcconfig */;
			buildSettings = {
				CODE_SIGN_STYLE = Automatic;
				PRODUCT_NAME = "$(TARGET_NAME)";
				SWIFT_VERSION = 5.0;
			};
			name = Debug;
		};
		5DFF2C84286098F10027C107 /* Release */ = {
			isa = XCBuildConfiguration;
			baseConfigurationReference = 8900D00AB661ECA3BB8600E4 /* Pods-ChessGame.release.xcconfig */;
			buildSettings = {
				CODE_SIGN_STYLE = Automatic;
				PRODUCT_NAME = "$(TARGET_NAME)";
				SWIFT_VERSION = 5.0;
			};
			name = Release;
		};
		5DFF2C962860A7CE0027C107 /* Debug */ = {
			isa = XCBuildConfiguration;
			baseConfigurationReference = F5B73B9647594E4DD3ECBCD3 /* Pods-ChessGameTest.debug.xcconfig */;
			buildSettings = {
				BUNDLE_LOADER = "$(TEST_HOST)";
				CODE_SIGN_STYLE = Automatic;
				CURRENT_PROJECT_VERSION = 1;
				GENERATE_INFOPLIST_FILE = YES;
				MARKETING_VERSION = 1.0;
				PRODUCT_BUNDLE_IDENTIFIER = com.bean.ChessGameTest;
				PRODUCT_NAME = "$(TARGET_NAME)";
				SWIFT_EMIT_LOC_STRINGS = NO;
				SWIFT_VERSION = 5.0;
			};
			name = Debug;
		};
		5DFF2C972860A7CE0027C107 /* Release */ = {
			isa = XCBuildConfiguration;
			baseConfigurationReference = 18D66064F6169750AE8C3025 /* Pods-ChessGameTest.release.xcconfig */;
			buildSettings = {
				BUNDLE_LOADER = "$(TEST_HOST)";
				CODE_SIGN_STYLE = Automatic;
				CURRENT_PROJECT_VERSION = 1;
				GENERATE_INFOPLIST_FILE = YES;
				MARKETING_VERSION = 1.0;
				PRODUCT_BUNDLE_IDENTIFIER = com.bean.ChessGameTest;
				PRODUCT_NAME = "$(TARGET_NAME)";
				SWIFT_EMIT_LOC_STRINGS = NO;
				SWIFT_VERSION = 5.0;
				TEST_HOST = "";
			};
			name = Release;
		};
/* End XCBuildConfiguration section */

/* Begin XCConfigurationList section */
		5DFF2C76286098F10027C107 /* Build configuration list for PBXProject "ChessGame" */ = {
			isa = XCConfigurationList;
			buildConfigurations = (
				5DFF2C80286098F10027C107 /* Debug */,
				5DFF2C81286098F10027C107 /* Release */,
			);
			defaultConfigurationIsVisible = 0;
			defaultConfigurationName = Release;
		};
		5DFF2C82286098F10027C107 /* Build configuration list for PBXNativeTarget "ChessGame" */ = {
			isa = XCConfigurationList;
			buildConfigurations = (
				5DFF2C83286098F10027C107 /* Debug */,
				5DFF2C84286098F10027C107 /* Release */,
			);
			defaultConfigurationIsVisible = 0;
			defaultConfigurationName = Release;
		};
		5DFF2C952860A7CE0027C107 /* Build configuration list for PBXNativeTarget "ChessGameTest" */ = {
			isa = XCConfigurationList;
			buildConfigurations = (
				5DFF2C962860A7CE0027C107 /* Debug */,
				5DFF2C972860A7CE0027C107 /* Release */,
			);
			defaultConfigurationIsVisible = 0;
			defaultConfigurationName = Release;
		};
/* End XCConfigurationList section */
	};
	rootObject = 5DFF2C73286098F10027C107 /* Project object */;
}
